
Microsoft Visual Studio Solution File, Format Version 12.00
# Visual Studio Version 17
VisualStudioVersion = 17.14.36127.28 d17.14
MinimumVisualStudioVersion = 10.0.40219.1
Project("{FAE04EC0-301F-11D3-BF4B-00C04F79EFBC}") = "Ejercicio 8 Actividad 3", "Ejercicio 8 Actividad 3\Ejercicio 8 Actividad 3.csproj", "{8970802F-CAC4-4857-80BC-2298187CD28E}"
EndProject
Global
	GlobalSection(SolutionConfigurationPlatforms) = preSolution
		Debug|Any CPU = Debug|Any CPU
		Release|Any CPU = Release|Any CPU
	EndGlobalSection
	GlobalSection(ProjectConfigurationPlatforms) = postSolution
		{8970802F-CAC4-4857-80BC-2298187CD28E}.Debug|Any CPU.ActiveCfg = Debug|Any CPU
		{8970802F-CAC4-4857-80BC-2298187CD28E}.Debug|Any CPU.Build.0 = Debug|Any CPU
		{8970802F-CAC4-4857-80BC-2298187CD28E}.Release|Any CPU.ActiveCfg = Release|Any CPU
		{8970802F-CAC4-4857-80BC-2298187CD28E}.Release|Any CPU.Build.0 = Release|Any CPU
	EndGlobalSection
	GlobalSection(SolutionProperties) = preSolution
		HideSolutionNode = FALSE
	EndGlobalSection
	GlobalSection(ExtensibilityGlobals) = postSolution
		SolutionGuid = {B0E439EF-9758-4A73-A1CC-4D2E5FEC0F1C}
	EndGlobalSection
EndGlobal
